{
  "name": "jquery",
  "lockfileVersion": 3,
  "requires": true,
  "packages": {
    "": {
      "dependencies": {
        "jquery-price-format": "github:flaviosilveira/Jquery-Price-Format"
      }
    },
    "node_modules/jquery-price-format": {
      "version": "2.2.0",
      "resolved": "git+ssh://git@github.com/flaviosilveira/Jquery-Price-Format.git#a472489b639e1f83e9a7892e60dd9723d96e3c67"
    }
  }
}
